// !$*UTF8*$!
{
	archiveVersion = 1;
	classes = {
	};
	objectVersion = 46;
	objects = {

/* Begin PBXBuildFile section */
		874A3EE61CC5263800765678 /* main.m in Sources */ = {isa = PBXBuildFile; fileRef = 874A3EE51CC5263800765678 /* main.m */; };
		874A3EE91CC5263800765678 /* AppDelegate.m in Sources */ = {isa = PBXBuildFile; fileRef = 874A3EE81CC5263800765678 /* AppDelegate.m */; };
		874A3EEC1CC5263800765678 /* ViewController.m in Sources */ = {isa = PBXBuildFile; fileRef = 874A3EEB1CC5263800765678 /* ViewController.m */; };
		874A3EEF1CC5263800765678 /* Main.storyboard in Resources */ = {isa = PBXBuildFile; fileRef = 874A3EED1CC5263800765678 /* Main.storyboard */; };
		874A3EF11CC5263800765678 /* Assets.xcassets in Resources */ = {isa = PBXBuildFile; fileRef = 874A3EF01CC5263800765678 /* Assets.xcassets */; };
		874A3EF41CC5263800765678 /* LaunchScreen.storyboard in Resources */ = {isa = PBXBuildFile; fileRef = 874A3EF21CC5263800765678 /* LaunchScreen.storyboard */; };
		874A3EFF1CC5263800765678 /* quickButtonControlTests.m in Sources */ = {isa = PBXBuildFile; fileRef = 874A3EFE1CC5263800765678 /* quickButtonControlTests.m */; };
		874A3F0A1CC5263800765678 /* quickButtonControlUITests.m in Sources */ = {isa = PBXBuildFile; fileRef = 874A3F091CC5263800765678 /* quickButtonControlUITests.m */; };
		874A3F191CC526A000765678 /* UIButton+FHCQuickButtonControl.m in Sources */ = {isa = PBXBuildFile; fileRef = 874A3F181CC526A000765678 /* UIButton+FHCQuickButtonControl.m */; };
/* End PBXBuildFile section */

/* Begin PBXContainerItemProxy section */
		874A3EFB1CC5263800765678 /* PBXContainerItemProxy */ = {
			isa = PBXContainerItemProxy;
			containerPortal = 874A3ED91CC5263800765678 /* Project object */;
			proxyType = 1;
			remoteGlobalIDString = 874A3EE01CC5263800765678;
			remoteInfo = quickButtonControl;
		};
		874A3F061CC5263800765678 /* PBXContainerItemProxy */ = {
			isa = PBXContainerItemProxy;
			containerPortal = 874A3ED91CC5263800765678 /* Project object */;
			proxyType = 1;
			remoteGlobalIDString = 874A3EE01CC5263800765678;
			remoteInfo = quickButtonControl;
		};
/* End PBXContainerItemProxy section */

/* Begin PBXFileReference section */
		874A3EE11CC5263800765678 /* quickButtonControl.app */ = {isa = PBXFileReference; explicitFileType = wrapper.application; includeInIndex = 0; path = quickButtonControl.app; sourceTree = BUILT_PRODUCTS_DIR; };
		874A3EE51CC5263800765678 /* main.m */ = {isa = PBXFileReference; lastKnownFileType = sourcecode.c.objc; path = main.m; sourceTree = "<group>"; };
		874A3EE71CC5263800765678 /* AppDelegate.h */ = {isa = PBXFileReference; lastKnownFileType = sourcecode.c.h; path = AppDelegate.h; sourceTree = "<group>"; };
		874A3EE81CC5263800765678 /* AppDelegate.m */ = {isa = PBXFileReference; lastKnownFileType = sourcecode.c.objc; path = AppDelegate.m; sourceTree = "<group>"; };
		874A3EEA1CC5263800765678 /* ViewController.h */ = {isa = PBXFileReference; lastKnownFileType = sourcecode.c.h; path = ViewController.h; sourceTree = "<group>"; };
		874A3EEB1CC5263800765678 /* ViewController.m */ = {isa = PBXFileReference; lastKnownFileType = sourcecode.c.objc; path = ViewController.m; sourceTree = "<group>"; };
		874A3EEE1CC5263800765678 /* Base */ = {isa = PBXFileReference; lastKnownFileType = file.storyboard; name = Base; path = Base.lproj/Main.storyboard; sourceTree = "<group>"; };
		874A3EF01CC5263800765678 /* Assets.xcassets */ = {isa = PBXFileReference; lastKnownFileType = folder.assetcatalog; path = Assets.xcassets; sourceTree = "<group>"; };
		874A3EF31CC5263800765678 /* Base */ = {isa = PBXFileReference; lastKnownFileType = file.storyboard; name = Base; path = Base.lproj/LaunchScreen.storyboard; sourceTree = "<group>"; };
		874A3EF51CC5263800765678 /* Info.plist */ = {isa = PBXFileReference; lastKnownFileType = text.plist.xml; path = Info.plist; sourceTree = "<group>"; };
		874A3EFA1CC5263800765678 /* quickButtonControlTests.xctest */ = {isa = PBXFileReference; explicitFileType = wrapper.cfbundle; includeInIndex = 0; path = quickButtonControlTests.xctest; sourceTree = BUILT_PRODUCTS_DIR; };
		874A3EFE1CC5263800765678 /* quickButtonControlTests.m */ = {isa = PBXFileReference; lastKnownFileType = sourcecode.c.objc; path = quickButtonControlTests.m; sourceTree = "<group>"; };
		874A3F001CC5263800765678 /* Info.plist */ = {isa = PBXFileReference; lastKnownFileType = text.plist.xml; path = Info.plist; sourceTree = "<group>"; };
		874A3F051CC5263800765678 /* quickButtonControlUITests.xctest */ = {isa = PBXFileReference; explicitFileType = wrapper.cfbundle; includeInIndex = 0; path = quickButtonControlUITests.xctest; sourceTree = BUILT_PRODUCTS_DIR; };
		874A3F091CC5263800765678 /* quickButtonControlUITests.m */ = {isa = PBXFileReference; lastKnownFileType = sourcecode.c.objc; path = quickButtonControlUITests.m; sourceTree = "<group>"; };
		874A3F0B1CC5263800765678 /* Info.plist */ = {isa = PBXFileReference; lastKnownFileType = text.plist.xml; path = Info.plist; sourceTree = "<group>"; };
		874A3F171CC526A000765678 /* UIButton+FHCQuickButtonControl.h */ = {isa = PBXFileReference; fileEncoding = 4; lastKnownFileType = sourcecode.c.h; path = "UIButton+FHCQuickButtonControl.h"; sourceTree = "<group>"; };
		874A3F181CC526A000765678 /* UIButton+FHCQuickButtonControl.m */ = {isa = PBXFileReference; fileEncoding = 4; lastKnownFileType = sourcecode.c.objc; path = "UIButton+FHCQuickButtonControl.m"; sourceTree = "<group>"; };
/* End PBXFileReference section */

/* Begin PBXFrameworksBuildPhase section */
		874A3EDE1CC5263800765678 /* Frameworks */ = {
			isa = PBXFrameworksBuildPhase;
			buildActionMask = 2147483647;
			files = (
			);
			runOnlyForDeploymentPostprocessing = 0;
		};
		874A3EF71CC5263800765678 /* Frameworks */ = {
			isa = PBXFrameworksBuildPhase;
			buildActionMask = 2147483647;
			files = (
			);
			runOnlyForDeploymentPostprocessing = 0;
		};
		874A3F021CC5263800765678 /* Frameworks */ = {
			isa = PBXFrameworksBuildPhase;
			buildActionMask = 2147483647;
			files = (
			);
			runOnlyForDeploymentPostprocessing = 0;
		};
/* End PBXFrameworksBuildPhase section */

/* Begin PBXGroup section */
		874A3ED81CC5263800765678 = {
			isa = PBXGroup;
			children = (
				874A3EE31CC5263800765678 /* quickButtonControl */,
				874A3EFD1CC5263800765678 /* quickButtonControlTests */,
				874A3F081CC5263800765678 /* quickButtonControlUITests */,
				874A3EE21CC5263800765678 /* Products */,
			);
			sourceTree = "<group>";
		};
		874A3EE21CC5263800765678 /* Products */ = {
			isa = PBXGroup;
			children = (
				874A3EE11CC5263800765678 /* quickButtonControl.app */,
				874A3EFA1CC5263800765678 /* quickButtonControlTests.xctest */,
				874A3F051CC5263800765678 /* quickButtonControlUITests.xctest */,
			);
			name = Products;
			sourceTree = "<group>";
		};
		874A3EE31CC5263800765678 /* quickButtonControl */ = {
			isa = PBXGroup;
			children = (
				874A3EE71CC5263800765678 /* AppDelegate.h */,
				874A3EE81CC5263800765678 /* AppDelegate.m */,
				874A3EEA1CC5263800765678 /* ViewController.h */,
				874A3EEB1CC5263800765678 /* ViewController.m */,
				874A3EED1CC5263800765678 /* Main.storyboard */,
				874A3EF01CC5263800765678 /* Assets.xcassets */,
				874A3EF21CC5263800765678 /* LaunchScreen.storyboard */,
				874A3EF51CC5263800765678 /* Info.plist */,
				874A3EE41CC5263800765678 /* Supporting Files */,
				874A3F171CC526A000765678 /* UIButton+FHCQuickButtonControl.h */,
				874A3F181CC526A000765678 /* UIButton+FHCQuickButtonControl.m */,
			);
			path = quickButtonControl;
			sourceTree = "<group>";
		};
		874A3EE41CC5263800765678 /* Supporting Files */ = {
			isa = PBXGroup;
			children = (
				874A3EE51CC5263800765678 /* main.m */,
			);
			name = "Supporting Files";
			sourceTree = "<group>";
		};
		874A3EFD1CC5263800765678 /* quickButtonControlTests */ = {
			isa = PBXGroup;
			children = (
				874A3EFE1CC5263800765678 /* quickButtonControlTests.m */,
				874A3F001CC5263800765678 /* Info.plist */,
			);
			path = quickButtonControlTests;
			sourceTree = "<group>";
		};
		874A3F081CC5263800765678 /* quickButtonControlUITests */ = {
			isa = PBXGroup;
			children = (
				874A3F091CC5263800765678 /* quickButtonControlUITests.m */,
				874A3F0B1CC5263800765678 /* Info.plist */,
			);
			path = quickButtonControlUITests;
			sourceTree = "<group>";
		};
/* End PBXGroup section */

/* Begin PBXNativeTarget section */
		874A3EE01CC5263800765678 /* quickButtonControl */ = {
			isa = PBXNativeTarget;
			buildConfigurationList = 874A3F0E1CC5263800765678 /* Build configuration list for PBXNativeTarget "quickButtonControl" */;
			buildPhases = (
				874A3EDD1CC5263800765678 /* Sources */,
				874A3EDE1CC5263800765678 /* Frameworks */,
				874A3EDF1CC5263800765678 /* Resources */,
			);
			buildRules = (
			);
			dependencies = (
			);
			name = quickButtonControl;
			productName = quickButtonControl;
			productReference = 874A3EE11CC5263800765678 /* quickButtonControl.app */;
			productType = "com.apple.product-type.application";
		};
		874A3EF91CC5263800765678 /* quickButtonControlTests */ = {
			isa = PBXNativeTarget;
			buildConfigurationList = 874A3F111CC5263800765678 /* Build configuration list for PBXNativeTarget "quickButtonControlTests" */;
			buildPhases = (
				874A3EF61CC5263800765678 /* Sources */,
				874A3EF71CC5263800765678 /* Frameworks */,
				874A3EF81CC5263800765678 /* Resources */,
			);
			buildRules = (
			);
			dependencies = (
				874A3EFC1CC5263800765678 /* PBXTargetDependency */,
			);
			name = quickButtonControlTests;
			productName = quickButtonControlTests;
			productReference = 874A3EFA1CC5263800765678 /* quickButtonControlTests.xctest */;
			productType = "com.apple.product-type.bundle.unit-test";
		};
		874A3F041CC5263800765678 /* quickButtonControlUITests */ = {
			isa = PBXNativeTarget;
			buildConfigurationList = 874A3F141CC5263800765678 /* Build configuration list for PBXNativeTarget "quickButtonControlUITests" */;
			buildPhases = (
				874A3F011CC5263800765678 /* Sources */,
				874A3F021CC5263800765678 /* Frameworks */,
				874A3F031CC5263800765678 /* Resources */,
			);
			buildRules = (
			);
			dependencies = (
				874A3F071CC5263800765678 /* PBXTargetDependency */,
			);
			name = quickButtonControlUITests;
			productName = quickButtonControlUITests;
			productReference = 874A3F051CC5263800765678 /* quickButtonControlUITests.xctest */;
			productType = "com.apple.product-type.bundle.ui-testing";
		};
/* End PBXNativeTarget section */

/* Begin PBXProject section */
		874A3ED91CC5263800765678 /* Project object */ = {
			isa = PBXProject;
			attributes = {
				LastUpgradeCheck = 0730;
				ORGANIZATIONNAME = fhc;
				TargetAttributes = {
					874A3EE01CC5263800765678 = {
						CreatedOnToolsVersion = 7.3;
					};
					874A3EF91CC5263800765678 = {
						CreatedOnToolsVersion = 7.3;
						DevelopmentTeam = B3ANQHR3G9;
						TestTargetID = 874A3EE01CC5263800765678;
					};
					874A3F041CC5263800765678 = {
						CreatedOnToolsVersion = 7.3;
						DevelopmentTeam = B3ANQHR3G9;
						TestTargetID = 874A3EE01CC5263800765678;
					};
				};
			};
			buildConfigurationList = 874A3EDC1CC5263800765678 /* Build configuration list for PBXProject "quickButtonControl" */;
			compatibilityVersion = "Xcode 3.2";
			developmentRegion = English;
			hasScannedForEncodings = 0;
			knownRegions = (
				en,
				Base,
			);
			mainGroup = 874A3ED81CC5263800765678;
			productRefGroup = 874A3EE21CC5263800765678 /* Products */;
			projectDirPath = "";
			projectRoot = "";
			targets = (
				874A3EE01CC5263800765678 /* quickButtonControl */,
				874A3EF91CC5263800765678 /* quickButtonControlTests */,
				874A3F041CC5263800765678 /* quickButtonControlUITests */,
			);
		};
/* End PBXProject section */

/* Begin PBXResourcesBuildPhase section */
		874A3EDF1CC5263800765678 /* Resources */ = {
			isa = PBXResourcesBuildPhase;
			buildActionMask = 2147483647;
			files = (
				874A3EF41CC5263800765678 /* LaunchScreen.storyboard in Resources */,
				874A3EF11CC5263800765678 /* Assets.xcassets in Resources */,
				874A3EEF1CC5263800765678 /* Main.storyboard in Resources */,
			);
			runOnlyForDeploymentPostprocessing = 0;
		};
		874A3EF81CC5263800765678 /* Resources */ = {
			isa = PBXResourcesBuildPhase;
			buildActionMask = 2147483647;
			files = (
			);
			runOnlyForDeploymentPostprocessing = 0;
		};
		874A3F031CC5263800765678 /* Resources */ = {
			isa = PBXResourcesBuildPhase;
			buildActionMask = 2147483647;
			files = (
			);
			runOnlyForDeploymentPostprocessing = 0;
		};
/* End PBXResourcesBuildPhase section */

/* Begin PBXSourcesBuildPhase section */
		874A3EDD1CC5263800765678 /* Sources */ = {
			isa = PBXSourcesBuildPhase;
			buildActionMask = 2147483647;
			files = (
				874A3EEC1CC5263800765678 /* ViewController.m in Sources */,
				874A3EE91CC5263800765678 /* AppDelegate.m in Sources */,
				874A3F191CC526A000765678 /* UIButton+FHCQuickButtonControl.m in Sources */,
				874A3EE61CC5263800765678 /* main.m in Sources */,
			);
			runOnlyForDeploymentPostprocessing = 0;
		};
		874A3EF61CC5263800765678 /* Sources */ = {
			isa = PBXSourcesBuildPhase;
			buildActionMask = 2147483647;
			files = (
				874A3EFF1CC5263800765678 /* quickButtonControlTests.m in Sources */,
			);
			runOnlyForDeploymentPostprocessing = 0;
		};
		874A3F011CC5263800765678 /* Sources */ = {
			isa = PBXSourcesBuildPhase;
			buildActionMask = 2147483647;
			files = (
				874A3F0A1CC5263800765678 /* quickButtonControlUITests.m in Sources */,
			);
			runOnlyForDeploymentPostprocessing = 0;
		};
/* End PBXSourcesBuildPhase section */

/* Begin PBXTargetDependency section */
		874A3EFC1CC5263800765678 /* PBXTargetDependency */ = {
			isa = PBXTargetDependency;
			target = 874A3EE01CC5263800765678 /* quickButtonControl */;
			targetProxy = 874A3EFB1CC5263800765678 /* PBXContainerItemProxy */;
		};
		874A3F071CC5263800765678 /* PBXTargetDependency */ = {
			isa = PBXTargetDependency;
			target = 874A3EE01CC5263800765678 /* quickButtonControl */;
			targetProxy = 874A3F061CC5263800765678 /* PBXContainerItemProxy */;
		};
/* End PBXTargetDependency section */

/* Begin PBXVariantGroup section */
		874A3EED1CC5263800765678 /* Main.storyboard */ = {
			isa = PBXVariantGroup;
			children = (
				874A3EEE1CC5263800765678 /* Base */,
			);
			name = Main.storyboard;
			sourceTree = "<group>";
		};
		874A3EF21CC5263800765678 /* LaunchScreen.storyboard */ = {
			isa = PBXVariantGroup;
			children = (
				874A3EF31CC5263800765678 /* Base */,
			);
			name = LaunchScreen.storyboard;
			sourceTree = "<group>";
		};
/* End PBXVariantGroup section */

/* Begin XCBuildConfiguration section */
		874A3F0C1CC5263800765678 /* Debug */ = {
			isa = XCBuildConfiguration;
			buildSettings = {
				ALWAYS_SEARCH_USER_PATHS = NO;
				CLANG_ANALYZER_NONNULL = YES;
				CLANG_CXX_LANGUAGE_STANDARD = "gnu++0x";
				CLANG_CXX_LIBRARY = "libc++";
				CLANG_ENABLE_MODULES = YES;
				CLANG_ENABLE_OBJC_ARC = YES;
				CLANG_WARN_BOOL_CONVERSION = YES;
				CLANG_WARN_CONSTANT_CONVERSION = YES;
				CLANG_WARN_DIRECT_OBJC_ISA_USAGE = YES_ERROR;
				CLANG_WARN_EMPTY_BODY = YES;
				CLANG_WARN_ENUM_CONVERSION = YES;
				CLANG_WARN_INT_CONVERSION = YES;
				CLANG_WARN_OBJC_ROOT_CLASS = YES_ERROR;
				CLANG_WARN_UNREACHABLE_CODE = YES;
				CLANG_WARN__DUPLICATE_METHOD_MATCH = YES;
				"CODE_SIGN_IDENTITY[sdk=iphoneos*]" = "iPhone Developer";
				COPY_PHASE_STRIP = NO;
				DEBUG_INFORMATION_FORMAT = dwarf;
				ENABLE_STRICT_OBJC_MSGSEND = YES;
				ENABLE_TESTABILITY = YES;
				GCC_C_LANGUAGE_STANDARD = gnu99;
				GCC_DYNAMIC_NO_PIC = NO;
				GCC_NO_COMMON_BLOCKS = YES;
				GCC_OPTIMIZATION_LEVEL = 0;
				GCC_PREPROCESSOR_DEFINITIONS = (
					"DEBUG=1",
					"$(inherited)",
				);
				GCC_WARN_64_TO_32_BIT_CONVERSION = YES;
				GCC_WARN_ABOUT_RETURN_TYPE = YES_ERROR;
				GCC_WARN_UNDECLARED_SELECTOR = YES;
				GCC_WARN_UNINITIALIZED_AUTOS = YES_AGGRESSIVE;
				GCC_WARN_UNUSED_FUNCTION = YES;
				GCC_WARN_UNUSED_VARIABLE = YES;
				IPHONEOS_DEPLOYMENT_TARGET = 9.3;
				MTL_ENABLE_DEBUG_INFO = YES;
				ONLY_ACTIVE_ARCH = YES;
				SDKROOT = iphoneos;
				TARGETED_DEVICE_FAMILY = "1,2";
			};
			name = Debug;
		};
		874A3F0D1CC5263800765678 /* Release */ = {
			isa = XCBuildConfiguration;
			buildSettings = {
				ALWAYS_SEARCH_USER_PATHS = NO;
				CLANG_ANALYZER_NONNULL = YES;
				CLANG_CXX_LANGUAGE_STANDARD = "gnu++0x";
				CLANG_CXX_LIBRARY = "libc++";
				CLANG_ENABLE_MODULES = YES;
				CLANG_ENABLE_OBJC_ARC = YES;
				CLANG_WARN_BOOL_CONVERSION = YES;
				CLANG_WARN_CONSTANT_CONVERSION = YES;
				CLANG_WARN_DIRECT_OBJC_ISA_USAGE = YES_ERROR;
				CLANG_WARN_EMPTY_BODY = YES;
				CLANG_WARN_ENUM_CONVERSION = YES;
				CLANG_WARN_INT_CONVERSION = YES;
				CLANG_WARN_OBJC_ROOT_CLASS = YES_ERROR;
				CLANG_WARN_UNREACHABLE_CODE = YES;
				CLANG_WARN__DUPLICATE_METHOD_MATCH = YES;
				"CODE_SIGN_IDENTITY[sdk=iphoneos*]" = "iPhone Developer";
				COPY_PHASE_STRIP = NO;
				DEBUG_INFORMATION_FORMAT = "dwarf-with-dsym";
				ENABLE_NS_ASSERTIONS = NO;
				ENABLE_STRICT_OBJC_MSGSEND = YES;
				GCC_C_LANGUAGE_STANDARD = gnu99;
				GCC_NO_COMMON_BLOCKS = YES;
				GCC_WARN_64_TO_32_BIT_CONVERSION = YES;
				GCC_WARN_ABOUT_RETURN_TYPE = YES_ERROR;
				GCC_WARN_UNDECLARED_SELECTOR = YES;
				GCC_WARN_UNINITIALIZED_AUTOS = YES_AGGRESSIVE;
				GCC_WARN_UNUSED_FUNCTION = YES;
				GCC_WARN_UNUSED_VARIABLE = YES;
				IPHONEOS_DEPLOYMENT_TARGET = 9.3;
				MTL_ENABLE_DEBUG_INFO = NO;
				SDKROOT = iphoneos;
				TARGETED_DEVICE_FAMILY = "1,2";
				VALIDATE_PRODUCT = YES;
			};
			name = Release;
		};
		874A3F0F1CC5263800765678 /* Debug */ = {
			isa = XCBuildConfiguration;
			buildSettings = {
				ASSETCATALOG_COMPILER_APPICON_NAME = AppIcon;
				CODE_SIGN_IDENTITY = "iPhone Developer";
				INFOPLIST_FILE = quickButtonControl/Info.plist;
				LD_RUNPATH_SEARCH_PATHS = "$(inherited) @executable_path/Frameworks";
				PRODUCT_BUNDLE_IDENTIFIER = fhc.quickButtonControl;
				PRODUCT_NAME = "$(TARGET_NAME)";
			};
			name = Debug;
		};
		874A3F101CC5263800765678 /* Release */ = {
			isa = XCBuildConfiguration;
			buildSettings = {
				ASSETCATALOG_COMPILER_APPICON_NAME = AppIcon;
				CODE_SIGN_IDENTITY = "iPhone Developer";
				INFOPLIST_FILE = quickButtonControl/Info.plist;
				LD_RUNPATH_SEARCH_PATHS = "$(inherited) @executable_path/Frameworks";
				PRODUCT_BUNDLE_IDENTIFIER = fhc.quickButtonControl;
				PRODUCT_NAME = "$(TARGET_NAME)";
			};
			name = Release;
		};
		874A3F121CC5263800765678 /* Debug */ = {
			isa = XCBuildConfiguration;
			buildSettings = {
				BUNDLE_LOADER = "$(TEST_HOST)";
				INFOPLIST_FILE = quickButtonControlTests/Info.plist;
				LD_RUNPATH_SEARCH_PATHS = "$(inherited) @executable_path/Frameworks @loader_path/Frameworks";
				PRODUCT_BUNDLE_IDENTIFIER = fhc.quickButtonControlTests;
				PRODUCT_NAME = "$(TARGET_NAME)";
				TEST_HOST = "$(BUILT_PRODUCTS_DIR)/quickButtonControl.app/quickButtonControl";
			};
			name = Debug;
		};
		874A3F131CC5263800765678 /* Release */ = {
			isa = XCBuildConfiguration;
			buildSettings = {
				BUNDLE_LOADER = "$(TEST_HOST)";
				INFOPLIST_FILE = quickButtonControlTests/Info.plist;
				LD_RUNPATH_SEARCH_PATHS = "$(inherited) @executable_path/Frameworks @loader_path/Frameworks";
				PRODUCT_BUNDLE_IDENTIFIER = fhc.quickButtonControlTests;
				PRODUCT_NAME = "$(TARGET_NAME)";
				TEST_HOST = "$(BUILT_PRODUCTS_DIR)/quickButtonControl.app/quickButtonControl";
			};
			name = Release;
		};
		874A3F151CC5263800765678 /* Debug */ = {
			isa = XCBuildConfiguration;
			buildSettings = {
				INFOPLIST_FILE = quickButtonControlUITests/Info.plist;
				LD_RUNPATH_SEARCH_PATHS = "$(inherited) @executable_path/Frameworks @loader_path/Frameworks";
				PRODUCT_BUNDLE_IDENTIFIER = fhc.quickButtonControlUITests;
				PRODUCT_NAME = "$(TARGET_NAME)";
				TEST_TARGET_NAME = quickButtonControl;
			};
			name = Debug;
		};
		874A3F161CC5263800765678 /* Release */ = {
			isa = XCBuildConfiguration;
			buildSettings = {
				INFOPLIST_FILE = quickButtonControlUITests/Info.plist;
				LD_RUNPATH_SEARCH_PATHS = "$(inherited) @executable_path/Frameworks @loader_path/Frameworks";
				PRODUCT_BUNDLE_IDENTIFIER = fhc.quickButtonControlUITests;
				PRODUCT_NAME = "$(TARGET_NAME)";
				TEST_TARGET_NAME = quickButtonControl;
			};
			name = Release;
		};
/* End XCBuildConfiguration section */

/* Begin XCConfigurationList section */
		874A3EDC1CC5263800765678 /* Build configuration list for PBXProject "quickButtonControl" */ = {
			isa = XCConfigurationList;
			buildConfigurations = (
				874A3F0C1CC5263800765678 /* Debug */,
				874A3F0D1CC5263800765678 /* Release */,
			);
			defaultConfigurationIsVisible = 0;
			defaultConfigurationName = Release;
		};
		874A3F0E1CC5263800765678 /* Build configuration list for PBXNativeTarget "quickButtonControl" */ = {
			isa = XCConfigurationList;
			buildConfigurations = (
				874A3F0F1CC5263800765678 /* Debug */,
				874A3F101CC5263800765678 /* Release */,
			);
			defaultConfigurationIsVisible = 0;
		};
		874A3F111CC5263800765678 /* Build configuration list for PBXNativeTarget "quickButtonControlTests" */ = {
			isa = XCConfigurationList;
			buildConfigurations = (
				874A3F121CC5263800765678 /* Debug */,
				874A3F131CC5263800765678 /* Release */,
			);
			defaultConfigurationIsVisible = 0;
		};
		874A3F141CC5263800765678 /* Build configuration list for PBXNativeTarget "quickButtonControlUITests" */ = {
			isa = XCConfigurationList;
			buildConfigurations = (
				874A3F151CC5263800765678 /* Debug */,
				874A3F161CC5263800765678 /* Release */,
			);
			defaultConfigurationIsVisible = 0;
		};
/* End XCConfigurationList section */
	};
	rootObject = 874A3ED91CC5263800765678 /* Project object */;
}
